{
  "nodes": {
    "flake-utils": {
      "locked": {
        "lastModified": 1631561581,
        "narHash": "sha256-3VQMV5zvxaVLvqqUrNz3iJelLw30mIVSfZmAaauM3dA=",
        "owner": "numtide",
        "repo": "flake-utils",
        "rev": "7e5bf3925f6fbdfaf50a2a7ca0be2879c4261d19",
        "type": "github"
      },
      "original": {
        "owner": "numtide",
        "repo": "flake-utils",
        "rev": "7e5bf3925f6fbdfaf50a2a7ca0be2879c4261d19",
        "type": "github"
      }
    },
    "mach-nix": {
      "inputs": {
        "flake-utils": [
          "flake-utils"
        ],
        "nixpkgs": [
          "nixpkgs"
        ],
        "pypi-deps-db": [
          "pypi-deps-db"
        ]
      },
      "locked": {
        "lastModified": 1637687243,
        "narHash": "sha256-Qm0hPR9ZT1EP7lRW4udAPeb4yv6D2ONcw9ayterTP18=",
        "owner": "DavHau",
        "repo": "mach-nix",
        "rev": "31b21203a1350bff7c541e9dfdd4e07f76d874be",
        "type": "github"
      },
      "original": {
        "owner": "DavHau",
        "repo": "mach-nix",
        "rev": "31b21203a1350bff7c541e9dfdd4e07f76d874be",
        "type": "github"
      }
    },
    "nixpkgs": {
      "locked": {
        "lastModified": 1639130158,
        "narHash": "sha256-/5a/7J3AE5ATzB3HdFZ9C9VlPbUK5bIGsRX7veSujXA=",
        "owner": "NixOS",
        "repo": "nixpkgs",
        "rev": "3b422991781220853035dbe353ba8b7cb279b6b3",
        "type": "github"
      },
      "original": {
        "id": "nixpkgs",
        "ref": "nixos-21.05",
        "type": "indirect"
      }
    },
    "nixpkgsPy36": {
      "locked": {
        "lastModified": 1601475821,
        "narHash": "sha256-7AI8j/xq5slauMGwC3Dp2K9TKDyDtBXBebeyWsE9euE=",
        "owner": "NixOS",
        "repo": "nixpkgs",
        "rev": "b4db68ff563895eea6aab4ff24fa04ef403dfe14",
        "type": "github"
      },
      "original": {
        "id": "nixpkgs",
        "rev": "b4db68ff563895eea6aab4ff24fa04ef403dfe14",
        "type": "indirect"
      }
    },
    "pypi-deps-db": {
      "inputs": {
        "mach-nix": [
          "mach-nix"
        ],
        "nixpkgs": [
          "nixpkgs"
        ],
        "nixpkgsPy36": "nixpkgsPy36",
        "pypiIndex": "pypiIndex"
      },
      "locked": {
        "lastModified": 1637483202,
        "narHash": "sha256-E+8JuTZBVednFqFMBqcDTPCLWtSp1Ha7V2nUevx3hPM=",
        "owner": "DavHau",
        "repo": "pypi-deps-db",
        "rev": "a40ae14161503e607ebf770093d36a8e70f691fb",
        "type": "github"
      },
      "original": {
        "owner": "DavHau",
        "repo": "pypi-deps-db",
        "rev": "a40ae14161503e607ebf770093d36a8e70f691fb",
        "type": "github"
      }
    },
    "pypiIndex": {
      "flake": false,
      "locked": {
        "lastModified": 1637471700,
        "narHash": "sha256-VLCtqMj44ZnHReNyFFQIbyQupH33VB1doXQKjeWeEZg=",
        "owner": "davhau",
        "repo": "nix-pypi-fetcher",
        "rev": "224c4dc6a77dbe60c1fb6898fc9df174502f74c4",
        "type": "github"
      },
      "original": {
        "owner": "davhau",
        "repo": "nix-pypi-fetcher",
        "type": "github"
      }
    },
    "root": {
      "inputs": {
        "flake-utils": "flake-utils",
        "mach-nix": "mach-nix",
        "nixpkgs": "nixpkgs",
        "pypi-deps-db": "pypi-deps-db"
      }
    }
  },
  "root": "root",
  "version": 7
}
