version = 1
revision = 3
requires-python = "==3.12.*"

[[package]]
name = "htseq"
version = "2.0.9"
source = { registry = "https://pypi.org/simple" }
dependencies = [
    { name = "numpy" },
    { name = "pysam" },
]
sdist = { url = "https://files.pythonhosted.org/packages/5d/40/e32ff538b46acc5b19b807cf2127c9852b659fd5b63835a5024d902862bf/htseq-2.0.9.tar.gz", hash = "sha256:3bbec23f033d35f40ab33a40c2b5c43f75e382c424b804c099dea635b52c2b12", size = 468908, upload-time = "2024-09-12T04:07:49.513Z" }
wheels = [
    { url = "https://files.pythonhosted.org/packages/e0/31/e6a5c97d712aad58418d858a58c2ca5475a55bef864627d58ef318a6c685/HTSeq-2.0.9-cp312-cp312-macosx_10_9_x86_64.whl", hash = "sha256:890d2d66452b376d64f60d2832d026fc3dc0a9ea093c1107151d1df6f34eaac8", size = 352547, upload-time = "2024-09-12T04:16:18.524Z" },
    { url = "https://files.pythonhosted.org/packages/c3/25/138be35e32988db67ce55d7939c3026b383014ca7ea620f0218796398607/HTSeq-2.0.9-cp312-cp312-manylinux_2_24_x86_64.manylinux_2_28_x86_64.whl", hash = "sha256:6db887e6ebf1571666b0922d8449bae123c743f17b728aee42abe619b166de0c", size = 2137662, upload-time = "2024-09-12T04:07:52.85Z" },
]

[[package]]
name = "htseq-wrap"
version = "2.0.9"
source = { virtual = "." }
dependencies = [
    { name = "htseq" },
]

[package.metadata]
requires-dist = [{ name = "htseq", specifier = ">=2.0.9" }]

[[package]]
name = "numpy"
version = "2.4.1"
source = { registry = "https://pypi.org/simple" }
sdist = { url = "https://files.pythonhosted.org/packages/24/62/ae72ff66c0f1fd959925b4c11f8c2dea61f47f6acaea75a08512cdfe3fed/numpy-2.4.1.tar.gz", hash = "sha256:a1ceafc5042451a858231588a104093474c6a5c57dcc724841f5c888d237d690", size = 20721320, upload-time = "2026-01-10T06:44:59.619Z" }
wheels = [
    { url = "https://files.pythonhosted.org/packages/78/7f/ec53e32bf10c813604edf07a3682616bd931d026fcde7b6d13195dfb684a/numpy-2.4.1-cp312-cp312-macosx_10_13_x86_64.whl", hash = "sha256:d3703409aac693fa82c0aee023a1ae06a6e9d065dba10f5e8e80f642f1e9d0a2", size = 16656888, upload-time = "2026-01-10T06:42:40.913Z" },
    { url = "https://files.pythonhosted.org/packages/b8/e0/1f9585d7dae8f14864e948fd7fa86c6cb72dee2676ca2748e63b1c5acfe0/numpy-2.4.1-cp312-cp312-macosx_11_0_arm64.whl", hash = "sha256:7211b95ca365519d3596a1d8688a95874cc94219d417504d9ecb2df99fa7bfa8", size = 12373956, upload-time = "2026-01-10T06:42:43.091Z" },
    { url = "https://files.pythonhosted.org/packages/8e/43/9762e88909ff2326f5e7536fa8cb3c49fb03a7d92705f23e6e7f553d9cb3/numpy-2.4.1-cp312-cp312-macosx_14_0_arm64.whl", hash = "sha256:5adf01965456a664fc727ed69cc71848f28d063217c63e1a0e200a118d5eec9a", size = 5202567, upload-time = "2026-01-10T06:42:45.107Z" },
    { url = "https://files.pythonhosted.org/packages/4b/ee/34b7930eb61e79feb4478800a4b95b46566969d837546aa7c034c742ef98/numpy-2.4.1-cp312-cp312-macosx_14_0_x86_64.whl", hash = "sha256:26f0bcd9c79a00e339565b303badc74d3ea2bd6d52191eeca5f95936cad107d0", size = 6549459, upload-time = "2026-01-10T06:42:48.152Z" },
    { url = "https://files.pythonhosted.org/packages/79/e3/5f115fae982565771be994867c89bcd8d7208dbfe9469185497d70de5ddf/numpy-2.4.1-cp312-cp312-manylinux_2_27_aarch64.manylinux_2_28_aarch64.whl", hash = "sha256:0093e85df2960d7e4049664b26afc58b03236e967fb942354deef3208857a04c", size = 14404859, upload-time = "2026-01-10T06:42:49.947Z" },
    { url = "https://files.pythonhosted.org/packages/d9/7d/9c8a781c88933725445a859cac5d01b5871588a15969ee6aeb618ba99eee/numpy-2.4.1-cp312-cp312-manylinux_2_27_x86_64.manylinux_2_28_x86_64.whl", hash = "sha256:7ad270f438cbdd402c364980317fb6b117d9ec5e226fff5b4148dd9aa9fc6e02", size = 16371419, upload-time = "2026-01-10T06:42:52.409Z" },
    { url = "https://files.pythonhosted.org/packages/a6/d2/8aa084818554543f17cf4162c42f162acbd3bb42688aefdba6628a859f77/numpy-2.4.1-cp312-cp312-musllinux_1_2_aarch64.whl", hash = "sha256:297c72b1b98100c2e8f873d5d35fb551fce7040ade83d67dd51d38c8d42a2162", size = 16182131, upload-time = "2026-01-10T06:42:54.694Z" },
    { url = "https://files.pythonhosted.org/packages/60/db/0425216684297c58a8df35f3284ef56ec4a043e6d283f8a59c53562caf1b/numpy-2.4.1-cp312-cp312-musllinux_1_2_x86_64.whl", hash = "sha256:cf6470d91d34bf669f61d515499859fa7a4c2f7c36434afb70e82df7217933f9", size = 18295342, upload-time = "2026-01-10T06:42:56.991Z" },
    { url = "https://files.pythonhosted.org/packages/31/4c/14cb9d86240bd8c386c881bafbe43f001284b7cce3bc01623ac9475da163/numpy-2.4.1-cp312-cp312-win32.whl", hash = "sha256:b6bcf39112e956594b3331316d90c90c90fb961e39696bda97b89462f5f3943f", size = 5959015, upload-time = "2026-01-10T06:42:59.631Z" },
    { url = "https://files.pythonhosted.org/packages/51/cf/52a703dbeb0c65807540d29699fef5fda073434ff61846a564d5c296420f/numpy-2.4.1-cp312-cp312-win_amd64.whl", hash = "sha256:e1a27bb1b2dee45a2a53f5ca6ff2d1a7f135287883a1689e930d44d1ff296c87", size = 12310730, upload-time = "2026-01-10T06:43:01.627Z" },
    { url = "https://files.pythonhosted.org/packages/69/80/a828b2d0ade5e74a9fe0f4e0a17c30fdc26232ad2bc8c9f8b3197cf7cf18/numpy-2.4.1-cp312-cp312-win_arm64.whl", hash = "sha256:0e6e8f9d9ecf95399982019c01223dc130542960a12edfa8edd1122dfa66a8a8", size = 10312166, upload-time = "2026-01-10T06:43:03.673Z" },
]

[[package]]
name = "pysam"
version = "0.23.3"
source = { registry = "https://pypi.org/simple" }
sdist = { url = "https://files.pythonhosted.org/packages/7c/2b/1cf19890a0e4c73ad2672ce7eb485606c4bd2846eef2d892c078ab193c92/pysam-0.23.3.tar.gz", hash = "sha256:9ebcb1f004b296fd139b103ec6fd7e415e80f89f194eb7d0d972ac6d11bbaf24", size = 4974405, upload-time = "2025-06-10T11:19:54.057Z" }
wheels = [
    { url = "https://files.pythonhosted.org/packages/a2/6b/dd9f94da44463ecfddb7075f1048c044155c725d7d79fde2e7957561a3b0/pysam-0.23.3-cp312-cp312-macosx_10_13_x86_64.whl", hash = "sha256:69f90c0867fe43f04004bcea963f6b2e68b39180afab54bf551f61f43856638b", size = 6177042, upload-time = "2025-06-10T11:19:19.517Z" },
    { url = "https://files.pythonhosted.org/packages/f3/e9/686e711a559a02e4c3ba0bc78cf031d9ddb525e9f0b2984d1b66536ba94a/pysam-0.23.3-cp312-cp312-macosx_11_0_arm64.whl", hash = "sha256:2310d72bfae7a0980d414156267e25b57aa221a768c11c087f3f7d00ceb9fed4", size = 8398187, upload-time = "2025-06-10T11:22:52.284Z" },
    { url = "https://files.pythonhosted.org/packages/8a/82/fca396e13969d1020956b02e567e0d357be0af0f3aebc2b4d97bed780a6d/pysam-0.23.3-cp312-cp312-manylinux_2_28_aarch64.whl", hash = "sha256:b2e45983efea190d374fcda0b6e0c835d6e9e474e02694729f3b3a14d680fa62", size = 23343831, upload-time = "2025-06-10T11:22:54.594Z" },
    { url = "https://files.pythonhosted.org/packages/df/a6/c100df6c8118b4ce1f9c086bb9cf5bccd4f71d05ceb2ecf474f3b0ea87b8/pysam-0.23.3-cp312-cp312-manylinux_2_28_x86_64.whl", hash = "sha256:4099393fc5097b5081c7efaf46b0109e4f0a8ed18f86d497219a8bf739c73992", size = 24021198, upload-time = "2025-06-10T11:19:21.379Z" },
    { url = "https://files.pythonhosted.org/packages/f1/92/32e1b13f30f16fe2c948f9b9e04c6e7698beaa539ea1a2bcddc51ed6c9b7/pysam-0.23.3-cp312-cp312-musllinux_1_2_aarch64.whl", hash = "sha256:4f04b9aa9b23d767fe36652eacb8370791e3b56816a7e50553d52c65ccdce77f", size = 22925815, upload-time = "2025-06-10T11:22:56.894Z" },
    { url = "https://files.pythonhosted.org/packages/fa/7d/ccfaa2d6f9f07b357696b07883d5c5471f980938c2293324631425d95523/pysam-0.23.3-cp312-cp312-musllinux_1_2_x86_64.whl", hash = "sha256:701843e5dc67c8eb217c3265039c699a5f83cce64fbc4225268141796e972353", size = 23351352, upload-time = "2025-06-10T11:19:24.207Z" },
]
