{
  "nodes": {
    "nixpkgs": {
      "locked": {
        "lastModified": 1641734288,
        "narHash": "sha256-/7YwWbvkjinc4uu5aUQMRw3xAthhOVH/esm4tCXPzIQ=",
        "owner": "NixOS",
        "repo": "nixpkgs",
        "rev": "df123677560db3b0db7c19d71981b11091fbeaf6",
        "type": "github"
      },
      "original": {
        "id": "nixpkgs",
        "ref": "nixos-21.05",
        "type": "indirect"
      }
    },
    "root": {
      "inputs": {
        "nixpkgs": "nixpkgs"
      }
    }
  },
  "root": "root",
  "version": 7
}
